
Microsoft Visual Studio Solution File, Format Version 12.00
# Visual Studio Version 17
VisualStudioVersion = 17.7.34031.279
MinimumVisualStudioVersion = 10.0.40219.1
Project("{9A19103F-16F7-4668-BE54-9A1E7A4F7556}") = "Task1", "Task1\Task1.csproj", "{DC2613B8-6359-489D-BBB4-E46B75F5C1EA}"
EndProject
Project("{FAE04EC0-301F-11D3-BF4B-00C04F79EFBC}") = "Task2", "Task2\Task2.csproj", "{CC502100-EC8C-4312-99B7-EC13FBC38624}"
EndProject
Project("{FAE04EC0-301F-11D3-BF4B-00C04F79EFBC}") = "Task3", "Task3\Task3.csproj", "{CE56F74D-124D-4D1D-8F14-BAB77926F48C}"
EndProject
Project("{FAE04EC0-301F-11D3-BF4B-00C04F79EFBC}") = "Task4", "Task4\Task4.csproj", "{44ABEB13-30B6-4D83-9845-8ADA96368413}"
EndProject
Project("{FAE04EC0-301F-11D3-BF4B-00C04F79EFBC}") = "Task5", "Task5\Task5.csproj", "{0CD7577A-7F53-436B-BC70-A5C92CF12BB0}"
EndProject
Project("{9A19103F-16F7-4668-BE54-9A1E7A4F7556}") = "Practical1Test", "Practical1Test\Practical1Test.csproj", "{9F10842E-B200-4AE1-BBA1-997730435CD7}"
EndProject
Global
	GlobalSection(SolutionConfigurationPlatforms) = preSolution
		Debug|Any CPU = Debug|Any CPU
		Release|Any CPU = Release|Any CPU
	EndGlobalSection
	GlobalSection(ProjectConfigurationPlatforms) = postSolution
		{DC2613B8-6359-489D-BBB4-E46B75F5C1EA}.Debug|Any CPU.ActiveCfg = Debug|Any CPU
		{DC2613B8-6359-489D-BBB4-E46B75F5C1EA}.Debug|Any CPU.Build.0 = Debug|Any CPU
		{DC2613B8-6359-489D-BBB4-E46B75F5C1EA}.Release|Any CPU.ActiveCfg = Release|Any CPU
		{DC2613B8-6359-489D-BBB4-E46B75F5C1EA}.Release|Any CPU.Build.0 = Release|Any CPU
		{CC502100-EC8C-4312-99B7-EC13FBC38624}.Debug|Any CPU.ActiveCfg = Debug|Any CPU
		{CC502100-EC8C-4312-99B7-EC13FBC38624}.Debug|Any CPU.Build.0 = Debug|Any CPU
		{CC502100-EC8C-4312-99B7-EC13FBC38624}.Release|Any CPU.ActiveCfg = Release|Any CPU
		{CC502100-EC8C-4312-99B7-EC13FBC38624}.Release|Any CPU.Build.0 = Release|Any CPU
		{CE56F74D-124D-4D1D-8F14-BAB77926F48C}.Debug|Any CPU.ActiveCfg = Debug|Any CPU
		{CE56F74D-124D-4D1D-8F14-BAB77926F48C}.Debug|Any CPU.Build.0 = Debug|Any CPU
		{CE56F74D-124D-4D1D-8F14-BAB77926F48C}.Release|Any CPU.ActiveCfg = Release|Any CPU
		{CE56F74D-124D-4D1D-8F14-BAB77926F48C}.Release|Any CPU.Build.0 = Release|Any CPU
		{44ABEB13-30B6-4D83-9845-8ADA96368413}.Debug|Any CPU.ActiveCfg = Debug|Any CPU
		{44ABEB13-30B6-4D83-9845-8ADA96368413}.Debug|Any CPU.Build.0 = Debug|Any CPU
		{44ABEB13-30B6-4D83-9845-8ADA96368413}.Release|Any CPU.ActiveCfg = Release|Any CPU
		{44ABEB13-30B6-4D83-9845-8ADA96368413}.Release|Any CPU.Build.0 = Release|Any CPU
		{0CD7577A-7F53-436B-BC70-A5C92CF12BB0}.Debug|Any CPU.ActiveCfg = Debug|Any CPU
		{0CD7577A-7F53-436B-BC70-A5C92CF12BB0}.Debug|Any CPU.Build.0 = Debug|Any CPU
		{0CD7577A-7F53-436B-BC70-A5C92CF12BB0}.Release|Any CPU.ActiveCfg = Release|Any CPU
		{0CD7577A-7F53-436B-BC70-A5C92CF12BB0}.Release|Any CPU.Build.0 = Release|Any CPU
		{9F10842E-B200-4AE1-BBA1-997730435CD7}.Debug|Any CPU.ActiveCfg = Debug|Any CPU
		{9F10842E-B200-4AE1-BBA1-997730435CD7}.Debug|Any CPU.Build.0 = Debug|Any CPU
		{9F10842E-B200-4AE1-BBA1-997730435CD7}.Release|Any CPU.ActiveCfg = Release|Any CPU
		{9F10842E-B200-4AE1-BBA1-997730435CD7}.Release|Any CPU.Build.0 = Release|Any CPU
	EndGlobalSection
	GlobalSection(SolutionProperties) = preSolution
		HideSolutionNode = FALSE
	EndGlobalSection
	GlobalSection(ExtensibilityGlobals) = postSolution
		SolutionGuid = {90FB6592-09FF-45B8-B15F-99BCDEB25EA0}
	EndGlobalSection
EndGlobal
